<?xml version="1.0" encoding="utf-8"?>
<Project ToolsVersion="4.0" xmlns="http://schemas.microsoft.com/developer/msbuild/2003">
  <ItemGroup>
    <Filter Include="Source Files">
      <UniqueIdentifier>{4FC737F1-C7A5-4376-A066-2A32D752A2FF}</UniqueIdentifier>
      <Extensions>cpp;c;cc;cxx;def;odl;idl;hpj;bat;asm;asmx</Extensions>
    </Filter>
    <Filter Include="Header Files">
      <UniqueIdentifier>{93995380-89BD-4b04-88EB-625FBE52EBFB}</UniqueIdentifier>
      <Extensions>h;hh;hpp;hxx;hm;inl;inc;xsd</Extensions>
    </Filter>
    <Filter Include="Resource Files">
      <UniqueIdentifier>{67DA6AB6-F800-4c08-8B7A-83BB121AAD01}</UniqueIdentifier>
      <Extensions>qrc;rc;ico;cur;bmp;dlg;rc2;rct;bin;rgs;gif;jpg;jpeg;jpe;resx;tiff;tif;png;wav;mfcribbon-ms</Extensions>
    </Filter>
    <Filter Include="Translation Files">
      <UniqueIdentifier>{639EADAA-A684-42e4-A9AD-28FC9BCB8F7C}</UniqueIdentifier>
      <Extensions>ts</Extensions>
    </Filter>
  </ItemGroup>
  <ItemGroup>
    <ClCompile Include="Qt_Pairs_of_Segments.cpp">
      <Filter>Source Files</Filter>
    </ClCompile>
    <ClCompile Include="Class_segment.cpp">
      <Filter>Resource Files</Filter>
    </ClCompile>
    <ClCompile Include="Class_set_of_segments.cpp">
      <Filter>Resource Files</Filter>
    </ClCompile>
    <ClCompile Include="Mainw.cpp">
      <Filter>Resource Files</Filter>
    </ClCompile>
    <ClCompile Include="Class_point_of_segment.cpp">
      <Filter>Resource Files</Filter>
    </ClCompile>
    <ClCompile Include="Class_tree.cpp">
      <Filter>Resource Files</Filter>
    </ClCompile>
  </ItemGroup>
  <ItemGroup>
    <ClInclude Include="Class_segment.h">
      <Filter>Header Files</Filter>
    </ClInclude>
    <ClInclude Include="Class_set_of_segments.h">
      <Filter>Header Files</Filter>
    </ClInclude>
    <ClInclude Include="Mainw.h">
      <Filter>Header Files</Filter>
    </ClInclude>
    <ClInclude Include="Class_point_of_segment.h">
      <Filter>Header Files</Filter>
    </ClInclude>
    <ClInclude Include="Class_tree.h">
      <Filter>Header Files</Filter>
    </ClInclude>
  </ItemGroup>
</Project>